
Microsoft Visual Studio Solution File, Format Version 11.00
# Visual Studio 2010
Project("{FAE04EC0-301F-11D3-BF4B-00C04F79EFBC}") = "6.3C++", "6.3C++\6.3C++.csproj", "{16D23377-C9CE-4BC7-8319-C974F9FFC772}"
EndProject
Global
	GlobalSection(SolutionConfigurationPlatforms) = preSolution
		Debug|x86 = Debug|x86
		Release|x86 = Release|x86
	EndGlobalSection
	GlobalSection(ProjectConfigurationPlatforms) = postSolution
		{16D23377-C9CE-4BC7-8319-C974F9FFC772}.Debug|x86.ActiveCfg = Debug|x86
		{16D23377-C9CE-4BC7-8319-C974F9FFC772}.Debug|x86.Build.0 = Debug|x86
		{16D23377-C9CE-4BC7-8319-C974F9FFC772}.Release|x86.ActiveCfg = Release|x86
		{16D23377-C9CE-4BC7-8319-C974F9FFC772}.Release|x86.Build.0 = Release|x86
	EndGlobalSection
	GlobalSection(SolutionProperties) = preSolution
		HideSolutionNode = FALSE
	EndGlobalSection
EndGlobal
